
Microsoft Visual Studio Solution File, Format Version 12.00
Project("{FAE04EC0-301F-11D3-BF4B-00C04F79EFBC}") = "ThreadPool", "ThreadPool\ThreadPool.csproj", "{5394B541-FAF3-4660-936F-1859CBF4EE30}"
EndProject
Project("{FAE04EC0-301F-11D3-BF4B-00C04F79EFBC}") = "ThreadPoolTest", "ThreadPoolTest\ThreadPoolTest.csproj", "{958B82D5-F4BB-4700-862B-751370563159}"
EndProject
Global
	GlobalSection(SolutionConfigurationPlatforms) = preSolution
		Debug|Any CPU = Debug|Any CPU
		Release|Any CPU = Release|Any CPU
	EndGlobalSection
	GlobalSection(ProjectConfigurationPlatforms) = postSolution
		{5394B541-FAF3-4660-936F-1859CBF4EE30}.Debug|Any CPU.ActiveCfg = Debug|Any CPU
		{5394B541-FAF3-4660-936F-1859CBF4EE30}.Debug|Any CPU.Build.0 = Debug|Any CPU
		{5394B541-FAF3-4660-936F-1859CBF4EE30}.Release|Any CPU.ActiveCfg = Release|Any CPU
		{5394B541-FAF3-4660-936F-1859CBF4EE30}.Release|Any CPU.Build.0 = Release|Any CPU
		{958B82D5-F4BB-4700-862B-751370563159}.Debug|Any CPU.ActiveCfg = Debug|Any CPU
		{958B82D5-F4BB-4700-862B-751370563159}.Debug|Any CPU.Build.0 = Debug|Any CPU
		{958B82D5-F4BB-4700-862B-751370563159}.Release|Any CPU.ActiveCfg = Release|Any CPU
		{958B82D5-F4BB-4700-862B-751370563159}.Release|Any CPU.Build.0 = Release|Any CPU
	EndGlobalSection
EndGlobal
